
Microsoft Visual Studio Solution File, Format Version 12.00
# Visual Studio 14
VisualStudioVersion = 14.0.25420.1
MinimumVisualStudioVersion = 10.0.40219.1
Project("{FAE04EC0-301F-11D3-BF4B-00C04F79EFBC}") = "Mapgenix.GSuite.Android", "GSuite.Android\Mapgenix.GSuite.Android.csproj", "{4163C82C-2C6E-4D00-95E1-F35FA64B52EA}"
EndProject
Project("{FAE04EC0-301F-11D3-BF4B-00C04F79EFBC}") = "TestApp2", "TestApp2\TestApp2.csproj", "{7D55BF0E-67CC-4A74-BB2B-F13F5D84CB4A}"
EndProject
Project("{FAE04EC0-301F-11D3-BF4B-00C04F79EFBC}") = "Mapgenix.FeatureSource", "Mapgenix.FeatureSource\Mapgenix.FeatureSource.csproj", "{CFFFD275-5F84-4DFA-B41C-451D0FF02ECE}"
EndProject
Project("{FAE04EC0-301F-11D3-BF4B-00C04F79EFBC}") = "Mapgenix.Layers", "Mapgenix.Layers\Mapgenix.Layers.csproj", "{1A0BA404-AB14-461E-BF24-E6826B5D7021}"
EndProject
Project("{FAE04EC0-301F-11D3-BF4B-00C04F79EFBC}") = "Mapgenix.Utils", "Mapgenix.Utils\Mapgenix.Utils.csproj", "{E2CE16B4-BB3B-41CF-A6BB-633FAD90A655}"
EndProject
Project("{FAE04EC0-301F-11D3-BF4B-00C04F79EFBC}") = "Mapgenix.Canvas", "Mapgenix.Canvas\Mapgenix.Canvas.csproj", "{AC2E86D2-21A0-4036-BF5F-A3CB2D756A64}"
EndProject
Project("{FAE04EC0-301F-11D3-BF4B-00C04F79EFBC}") = "Mapgenix.Shapes", "Mapgenix.Shapes\Mapgenix.Shapes.csproj", "{2D313724-7588-4FC4-9715-E039AB38453C}"
EndProject
Project("{FAE04EC0-301F-11D3-BF4B-00C04F79EFBC}") = "Mapgenix.Styles", "Mapgenix.Styles\Mapgenix.Styles.csproj", "{D65ABE3C-788B-45E0-88AB-C015EB77E7C0}"
EndProject
Global
	GlobalSection(SolutionConfigurationPlatforms) = preSolution
		Code Analysis|Any CPU = Code Analysis|Any CPU
		Debug|Any CPU = Debug|Any CPU
		Evaluation|Any CPU = Evaluation|Any CPU
		francois|Any CPU = francois|Any CPU
		Full|Any CPU = Full|Any CPU
		KayVeramende|Any CPU = KayVeramende|Any CPU
		Raul|Any CPU = Raul|Any CPU
		Release|Any CPU = Release|Any CPU
		val|Any CPU = val|Any CPU
	EndGlobalSection
	GlobalSection(ProjectConfigurationPlatforms) = postSolution
		{4163C82C-2C6E-4D00-95E1-F35FA64B52EA}.Code Analysis|Any CPU.ActiveCfg = Release|Any CPU
		{4163C82C-2C6E-4D00-95E1-F35FA64B52EA}.Code Analysis|Any CPU.Build.0 = Release|Any CPU
		{4163C82C-2C6E-4D00-95E1-F35FA64B52EA}.Debug|Any CPU.ActiveCfg = Debug|Any CPU
		{4163C82C-2C6E-4D00-95E1-F35FA64B52EA}.Debug|Any CPU.Build.0 = Debug|Any CPU
		{4163C82C-2C6E-4D00-95E1-F35FA64B52EA}.Evaluation|Any CPU.ActiveCfg = Release|Any CPU
		{4163C82C-2C6E-4D00-95E1-F35FA64B52EA}.Evaluation|Any CPU.Build.0 = Release|Any CPU
		{4163C82C-2C6E-4D00-95E1-F35FA64B52EA}.francois|Any CPU.ActiveCfg = Release|Any CPU
		{4163C82C-2C6E-4D00-95E1-F35FA64B52EA}.francois|Any CPU.Build.0 = Release|Any CPU
		{4163C82C-2C6E-4D00-95E1-F35FA64B52EA}.Full|Any CPU.ActiveCfg = Release|Any CPU
		{4163C82C-2C6E-4D00-95E1-F35FA64B52EA}.Full|Any CPU.Build.0 = Release|Any CPU
		{4163C82C-2C6E-4D00-95E1-F35FA64B52EA}.KayVeramende|Any CPU.ActiveCfg = Release|Any CPU
		{4163C82C-2C6E-4D00-95E1-F35FA64B52EA}.KayVeramende|Any CPU.Build.0 = Release|Any CPU
		{4163C82C-2C6E-4D00-95E1-F35FA64B52EA}.Raul|Any CPU.ActiveCfg = Release|Any CPU
		{4163C82C-2C6E-4D00-95E1-F35FA64B52EA}.Raul|Any CPU.Build.0 = Release|Any CPU
		{4163C82C-2C6E-4D00-95E1-F35FA64B52EA}.Release|Any CPU.ActiveCfg = Release|Any CPU
		{4163C82C-2C6E-4D00-95E1-F35FA64B52EA}.Release|Any CPU.Build.0 = Release|Any CPU
		{4163C82C-2C6E-4D00-95E1-F35FA64B52EA}.val|Any CPU.ActiveCfg = Release|Any CPU
		{4163C82C-2C6E-4D00-95E1-F35FA64B52EA}.val|Any CPU.Build.0 = Release|Any CPU
		{7D55BF0E-67CC-4A74-BB2B-F13F5D84CB4A}.Code Analysis|Any CPU.ActiveCfg = Release|Any CPU
		{7D55BF0E-67CC-4A74-BB2B-F13F5D84CB4A}.Code Analysis|Any CPU.Build.0 = Release|Any CPU
		{7D55BF0E-67CC-4A74-BB2B-F13F5D84CB4A}.Code Analysis|Any CPU.Deploy.0 = Release|Any CPU
		{7D55BF0E-67CC-4A74-BB2B-F13F5D84CB4A}.Debug|Any CPU.ActiveCfg = Debug|Any CPU
		{7D55BF0E-67CC-4A74-BB2B-F13F5D84CB4A}.Debug|Any CPU.Build.0 = Debug|Any CPU
		{7D55BF0E-67CC-4A74-BB2B-F13F5D84CB4A}.Debug|Any CPU.Deploy.0 = Debug|Any CPU
		{7D55BF0E-67CC-4A74-BB2B-F13F5D84CB4A}.Evaluation|Any CPU.ActiveCfg = Release|Any CPU
		{7D55BF0E-67CC-4A74-BB2B-F13F5D84CB4A}.Evaluation|Any CPU.Build.0 = Release|Any CPU
		{7D55BF0E-67CC-4A74-BB2B-F13F5D84CB4A}.Evaluation|Any CPU.Deploy.0 = Release|Any CPU
		{7D55BF0E-67CC-4A74-BB2B-F13F5D84CB4A}.francois|Any CPU.ActiveCfg = Release|Any CPU
		{7D55BF0E-67CC-4A74-BB2B-F13F5D84CB4A}.francois|Any CPU.Build.0 = Release|Any CPU
		{7D55BF0E-67CC-4A74-BB2B-F13F5D84CB4A}.francois|Any CPU.Deploy.0 = Release|Any CPU
		{7D55BF0E-67CC-4A74-BB2B-F13F5D84CB4A}.Full|Any CPU.ActiveCfg = Release|Any CPU
		{7D55BF0E-67CC-4A74-BB2B-F13F5D84CB4A}.Full|Any CPU.Build.0 = Release|Any CPU
		{7D55BF0E-67CC-4A74-BB2B-F13F5D84CB4A}.Full|Any CPU.Deploy.0 = Release|Any CPU
		{7D55BF0E-67CC-4A74-BB2B-F13F5D84CB4A}.KayVeramende|Any CPU.ActiveCfg = Release|Any CPU
		{7D55BF0E-67CC-4A74-BB2B-F13F5D84CB4A}.KayVeramende|Any CPU.Build.0 = Release|Any CPU
		{7D55BF0E-67CC-4A74-BB2B-F13F5D84CB4A}.KayVeramende|Any CPU.Deploy.0 = Release|Any CPU
		{7D55BF0E-67CC-4A74-BB2B-F13F5D84CB4A}.Raul|Any CPU.ActiveCfg = Release|Any CPU
		{7D55BF0E-67CC-4A74-BB2B-F13F5D84CB4A}.Raul|Any CPU.Build.0 = Release|Any CPU
		{7D55BF0E-67CC-4A74-BB2B-F13F5D84CB4A}.Raul|Any CPU.Deploy.0 = Release|Any CPU
		{7D55BF0E-67CC-4A74-BB2B-F13F5D84CB4A}.Release|Any CPU.ActiveCfg = Release|Any CPU
		{7D55BF0E-67CC-4A74-BB2B-F13F5D84CB4A}.Release|Any CPU.Build.0 = Release|Any CPU
		{7D55BF0E-67CC-4A74-BB2B-F13F5D84CB4A}.Release|Any CPU.Deploy.0 = Release|Any CPU
		{7D55BF0E-67CC-4A74-BB2B-F13F5D84CB4A}.val|Any CPU.ActiveCfg = Release|Any CPU
		{7D55BF0E-67CC-4A74-BB2B-F13F5D84CB4A}.val|Any CPU.Build.0 = Release|Any CPU
		{7D55BF0E-67CC-4A74-BB2B-F13F5D84CB4A}.val|Any CPU.Deploy.0 = Release|Any CPU
		{CFFFD275-5F84-4DFA-B41C-451D0FF02ECE}.Code Analysis|Any CPU.ActiveCfg = Raul|Any CPU
		{CFFFD275-5F84-4DFA-B41C-451D0FF02ECE}.Code Analysis|Any CPU.Build.0 = Raul|Any CPU
		{CFFFD275-5F84-4DFA-B41C-451D0FF02ECE}.Debug|Any CPU.ActiveCfg = Debug|Any CPU
		{CFFFD275-5F84-4DFA-B41C-451D0FF02ECE}.Debug|Any CPU.Build.0 = Debug|Any CPU
		{CFFFD275-5F84-4DFA-B41C-451D0FF02ECE}.Evaluation|Any CPU.ActiveCfg = val|Any CPU
		{CFFFD275-5F84-4DFA-B41C-451D0FF02ECE}.Evaluation|Any CPU.Build.0 = val|Any CPU
		{CFFFD275-5F84-4DFA-B41C-451D0FF02ECE}.francois|Any CPU.ActiveCfg = francois|Any CPU
		{CFFFD275-5F84-4DFA-B41C-451D0FF02ECE}.francois|Any CPU.Build.0 = francois|Any CPU
		{CFFFD275-5F84-4DFA-B41C-451D0FF02ECE}.Full|Any CPU.ActiveCfg = francois|Any CPU
		{CFFFD275-5F84-4DFA-B41C-451D0FF02ECE}.Full|Any CPU.Build.0 = francois|Any CPU
		{CFFFD275-5F84-4DFA-B41C-451D0FF02ECE}.KayVeramende|Any CPU.ActiveCfg = KayVeramende|Any CPU
		{CFFFD275-5F84-4DFA-B41C-451D0FF02ECE}.KayVeramende|Any CPU.Build.0 = KayVeramende|Any CPU
		{CFFFD275-5F84-4DFA-B41C-451D0FF02ECE}.Raul|Any CPU.ActiveCfg = Raul|Any CPU
		{CFFFD275-5F84-4DFA-B41C-451D0FF02ECE}.Raul|Any CPU.Build.0 = Raul|Any CPU
		{CFFFD275-5F84-4DFA-B41C-451D0FF02ECE}.Release|Any CPU.ActiveCfg = Release|Any CPU
		{CFFFD275-5F84-4DFA-B41C-451D0FF02ECE}.Release|Any CPU.Build.0 = Release|Any CPU
		{CFFFD275-5F84-4DFA-B41C-451D0FF02ECE}.val|Any CPU.ActiveCfg = val|Any CPU
		{CFFFD275-5F84-4DFA-B41C-451D0FF02ECE}.val|Any CPU.Build.0 = val|Any CPU
		{1A0BA404-AB14-461E-BF24-E6826B5D7021}.Code Analysis|Any CPU.ActiveCfg = Raul|Any CPU
		{1A0BA404-AB14-461E-BF24-E6826B5D7021}.Code Analysis|Any CPU.Build.0 = Raul|Any CPU
		{1A0BA404-AB14-461E-BF24-E6826B5D7021}.Debug|Any CPU.ActiveCfg = Debug|Any CPU
		{1A0BA404-AB14-461E-BF24-E6826B5D7021}.Debug|Any CPU.Build.0 = Debug|Any CPU
		{1A0BA404-AB14-461E-BF24-E6826B5D7021}.Evaluation|Any CPU.ActiveCfg = val|Any CPU
		{1A0BA404-AB14-461E-BF24-E6826B5D7021}.Evaluation|Any CPU.Build.0 = val|Any CPU
		{1A0BA404-AB14-461E-BF24-E6826B5D7021}.francois|Any CPU.ActiveCfg = francois|Any CPU
		{1A0BA404-AB14-461E-BF24-E6826B5D7021}.francois|Any CPU.Build.0 = francois|Any CPU
		{1A0BA404-AB14-461E-BF24-E6826B5D7021}.Full|Any CPU.ActiveCfg = francois|Any CPU
		{1A0BA404-AB14-461E-BF24-E6826B5D7021}.Full|Any CPU.Build.0 = francois|Any CPU
		{1A0BA404-AB14-461E-BF24-E6826B5D7021}.KayVeramende|Any CPU.ActiveCfg = KayVeramende|Any CPU
		{1A0BA404-AB14-461E-BF24-E6826B5D7021}.KayVeramende|Any CPU.Build.0 = KayVeramende|Any CPU
		{1A0BA404-AB14-461E-BF24-E6826B5D7021}.Raul|Any CPU.ActiveCfg = Raul|Any CPU
		{1A0BA404-AB14-461E-BF24-E6826B5D7021}.Raul|Any CPU.Build.0 = Raul|Any CPU
		{1A0BA404-AB14-461E-BF24-E6826B5D7021}.Release|Any CPU.ActiveCfg = Release|Any CPU
		{1A0BA404-AB14-461E-BF24-E6826B5D7021}.Release|Any CPU.Build.0 = Release|Any CPU
		{1A0BA404-AB14-461E-BF24-E6826B5D7021}.val|Any CPU.ActiveCfg = val|Any CPU
		{1A0BA404-AB14-461E-BF24-E6826B5D7021}.val|Any CPU.Build.0 = val|Any CPU
		{E2CE16B4-BB3B-41CF-A6BB-633FAD90A655}.Code Analysis|Any CPU.ActiveCfg = Release|Any CPU
		{E2CE16B4-BB3B-41CF-A6BB-633FAD90A655}.Code Analysis|Any CPU.Build.0 = Release|Any CPU
		{E2CE16B4-BB3B-41CF-A6BB-633FAD90A655}.Debug|Any CPU.ActiveCfg = Debug|Any CPU
		{E2CE16B4-BB3B-41CF-A6BB-633FAD90A655}.Debug|Any CPU.Build.0 = Debug|Any CPU
		{E2CE16B4-BB3B-41CF-A6BB-633FAD90A655}.Evaluation|Any CPU.ActiveCfg = Release|Any CPU
		{E2CE16B4-BB3B-41CF-A6BB-633FAD90A655}.Evaluation|Any CPU.Build.0 = Release|Any CPU
		{E2CE16B4-BB3B-41CF-A6BB-633FAD90A655}.francois|Any CPU.ActiveCfg = Release|Any CPU
		{E2CE16B4-BB3B-41CF-A6BB-633FAD90A655}.francois|Any CPU.Build.0 = Release|Any CPU
		{E2CE16B4-BB3B-41CF-A6BB-633FAD90A655}.Full|Any CPU.ActiveCfg = Release|Any CPU
		{E2CE16B4-BB3B-41CF-A6BB-633FAD90A655}.Full|Any CPU.Build.0 = Release|Any CPU
		{E2CE16B4-BB3B-41CF-A6BB-633FAD90A655}.KayVeramende|Any CPU.ActiveCfg = Release|Any CPU
		{E2CE16B4-BB3B-41CF-A6BB-633FAD90A655}.KayVeramende|Any CPU.Build.0 = Release|Any CPU
		{E2CE16B4-BB3B-41CF-A6BB-633FAD90A655}.Raul|Any CPU.ActiveCfg = Release|Any CPU
		{E2CE16B4-BB3B-41CF-A6BB-633FAD90A655}.Raul|Any CPU.Build.0 = Release|Any CPU
		{E2CE16B4-BB3B-41CF-A6BB-633FAD90A655}.Release|Any CPU.ActiveCfg = Release|Any CPU
		{E2CE16B4-BB3B-41CF-A6BB-633FAD90A655}.Release|Any CPU.Build.0 = Release|Any CPU
		{E2CE16B4-BB3B-41CF-A6BB-633FAD90A655}.val|Any CPU.ActiveCfg = Release|Any CPU
		{E2CE16B4-BB3B-41CF-A6BB-633FAD90A655}.val|Any CPU.Build.0 = Release|Any CPU
		{AC2E86D2-21A0-4036-BF5F-A3CB2D756A64}.Code Analysis|Any CPU.ActiveCfg = Raul|Any CPU
		{AC2E86D2-21A0-4036-BF5F-A3CB2D756A64}.Code Analysis|Any CPU.Build.0 = Raul|Any CPU
		{AC2E86D2-21A0-4036-BF5F-A3CB2D756A64}.Debug|Any CPU.ActiveCfg = Debug|Any CPU
		{AC2E86D2-21A0-4036-BF5F-A3CB2D756A64}.Debug|Any CPU.Build.0 = Debug|Any CPU
		{AC2E86D2-21A0-4036-BF5F-A3CB2D756A64}.Evaluation|Any CPU.ActiveCfg = val|Any CPU
		{AC2E86D2-21A0-4036-BF5F-A3CB2D756A64}.Evaluation|Any CPU.Build.0 = val|Any CPU
		{AC2E86D2-21A0-4036-BF5F-A3CB2D756A64}.francois|Any CPU.ActiveCfg = francois|Any CPU
		{AC2E86D2-21A0-4036-BF5F-A3CB2D756A64}.francois|Any CPU.Build.0 = francois|Any CPU
		{AC2E86D2-21A0-4036-BF5F-A3CB2D756A64}.Full|Any CPU.ActiveCfg = francois|Any CPU
		{AC2E86D2-21A0-4036-BF5F-A3CB2D756A64}.Full|Any CPU.Build.0 = francois|Any CPU
		{AC2E86D2-21A0-4036-BF5F-A3CB2D756A64}.KayVeramende|Any CPU.ActiveCfg = KayVeramende|Any CPU
		{AC2E86D2-21A0-4036-BF5F-A3CB2D756A64}.KayVeramende|Any CPU.Build.0 = KayVeramende|Any CPU
		{AC2E86D2-21A0-4036-BF5F-A3CB2D756A64}.Raul|Any CPU.ActiveCfg = Raul|Any CPU
		{AC2E86D2-21A0-4036-BF5F-A3CB2D756A64}.Raul|Any CPU.Build.0 = Raul|Any CPU
		{AC2E86D2-21A0-4036-BF5F-A3CB2D756A64}.Release|Any CPU.ActiveCfg = Release|Any CPU
		{AC2E86D2-21A0-4036-BF5F-A3CB2D756A64}.Release|Any CPU.Build.0 = Release|Any CPU
		{AC2E86D2-21A0-4036-BF5F-A3CB2D756A64}.val|Any CPU.ActiveCfg = val|Any CPU
		{AC2E86D2-21A0-4036-BF5F-A3CB2D756A64}.val|Any CPU.Build.0 = val|Any CPU
		{2D313724-7588-4FC4-9715-E039AB38453C}.Code Analysis|Any CPU.ActiveCfg = Raul|Any CPU
		{2D313724-7588-4FC4-9715-E039AB38453C}.Code Analysis|Any CPU.Build.0 = Raul|Any CPU
		{2D313724-7588-4FC4-9715-E039AB38453C}.Debug|Any CPU.ActiveCfg = Debug|Any CPU
		{2D313724-7588-4FC4-9715-E039AB38453C}.Debug|Any CPU.Build.0 = Debug|Any CPU
		{2D313724-7588-4FC4-9715-E039AB38453C}.Evaluation|Any CPU.ActiveCfg = Raul|Any CPU
		{2D313724-7588-4FC4-9715-E039AB38453C}.Evaluation|Any CPU.Build.0 = Raul|Any CPU
		{2D313724-7588-4FC4-9715-E039AB38453C}.francois|Any CPU.ActiveCfg = Raul|Any CPU
		{2D313724-7588-4FC4-9715-E039AB38453C}.francois|Any CPU.Build.0 = Raul|Any CPU
		{2D313724-7588-4FC4-9715-E039AB38453C}.Full|Any CPU.ActiveCfg = Raul|Any CPU
		{2D313724-7588-4FC4-9715-E039AB38453C}.Full|Any CPU.Build.0 = Raul|Any CPU
		{2D313724-7588-4FC4-9715-E039AB38453C}.KayVeramende|Any CPU.ActiveCfg = Raul|Any CPU
		{2D313724-7588-4FC4-9715-E039AB38453C}.KayVeramende|Any CPU.Build.0 = Raul|Any CPU
		{2D313724-7588-4FC4-9715-E039AB38453C}.Raul|Any CPU.ActiveCfg = Raul|Any CPU
		{2D313724-7588-4FC4-9715-E039AB38453C}.Raul|Any CPU.Build.0 = Raul|Any CPU
		{2D313724-7588-4FC4-9715-E039AB38453C}.Release|Any CPU.ActiveCfg = Release|Any CPU
		{2D313724-7588-4FC4-9715-E039AB38453C}.Release|Any CPU.Build.0 = Release|Any CPU
		{2D313724-7588-4FC4-9715-E039AB38453C}.val|Any CPU.ActiveCfg = Raul|Any CPU
		{2D313724-7588-4FC4-9715-E039AB38453C}.val|Any CPU.Build.0 = Raul|Any CPU
		{D65ABE3C-788B-45E0-88AB-C015EB77E7C0}.Code Analysis|Any CPU.ActiveCfg = Raul|Any CPU
		{D65ABE3C-788B-45E0-88AB-C015EB77E7C0}.Code Analysis|Any CPU.Build.0 = Raul|Any CPU
		{D65ABE3C-788B-45E0-88AB-C015EB77E7C0}.Debug|Any CPU.ActiveCfg = Debug|Any CPU
		{D65ABE3C-788B-45E0-88AB-C015EB77E7C0}.Debug|Any CPU.Build.0 = Debug|Any CPU
		{D65ABE3C-788B-45E0-88AB-C015EB77E7C0}.Evaluation|Any CPU.ActiveCfg = val|Any CPU
		{D65ABE3C-788B-45E0-88AB-C015EB77E7C0}.Evaluation|Any CPU.Build.0 = val|Any CPU
		{D65ABE3C-788B-45E0-88AB-C015EB77E7C0}.francois|Any CPU.ActiveCfg = francois|Any CPU
		{D65ABE3C-788B-45E0-88AB-C015EB77E7C0}.francois|Any CPU.Build.0 = francois|Any CPU
		{D65ABE3C-788B-45E0-88AB-C015EB77E7C0}.Full|Any CPU.ActiveCfg = francois|Any CPU
		{D65ABE3C-788B-45E0-88AB-C015EB77E7C0}.Full|Any CPU.Build.0 = francois|Any CPU
		{D65ABE3C-788B-45E0-88AB-C015EB77E7C0}.KayVeramende|Any CPU.ActiveCfg = KayVeramende|Any CPU
		{D65ABE3C-788B-45E0-88AB-C015EB77E7C0}.KayVeramende|Any CPU.Build.0 = KayVeramende|Any CPU
		{D65ABE3C-788B-45E0-88AB-C015EB77E7C0}.Raul|Any CPU.ActiveCfg = Raul|Any CPU
		{D65ABE3C-788B-45E0-88AB-C015EB77E7C0}.Raul|Any CPU.Build.0 = Raul|Any CPU
		{D65ABE3C-788B-45E0-88AB-C015EB77E7C0}.Release|Any CPU.ActiveCfg = Release|Any CPU
		{D65ABE3C-788B-45E0-88AB-C015EB77E7C0}.Release|Any CPU.Build.0 = Release|Any CPU
		{D65ABE3C-788B-45E0-88AB-C015EB77E7C0}.val|Any CPU.ActiveCfg = val|Any CPU
		{D65ABE3C-788B-45E0-88AB-C015EB77E7C0}.val|Any CPU.Build.0 = val|Any CPU
	EndGlobalSection
	GlobalSection(SolutionProperties) = preSolution
		HideSolutionNode = FALSE
	EndGlobalSection
EndGlobal
